
Microsoft Visual Studio Solution File, Format Version 12.00
# Visual Studio Version 17
VisualStudioVersion = 17.4.33122.133
MinimumVisualStudioVersion = 10.0.40219.1
Project("{FAE04EC0-301F-11D3-BF4B-00C04F79EFBC}") = "Entities", "Entities\Entities.csproj", "{C053E618-2E19-4839-A7D8-1A9A987C51A2}"
EndProject
Project("{FAE04EC0-301F-11D3-BF4B-00C04F79EFBC}") = "DAL", "DAL\DAL.csproj", "{1DB4BD06-D27E-4861-A8CF-5C22DFB6F758}"
EndProject
Project("{FAE04EC0-301F-11D3-BF4B-00C04F79EFBC}") = "UI", "UI\UI.csproj", "{23131453-6381-4865-AEA0-0209F25D0BED}"
EndProject
Global
	GlobalSection(SolutionConfigurationPlatforms) = preSolution
		Debug|Any CPU = Debug|Any CPU
		Release|Any CPU = Release|Any CPU
	EndGlobalSection
	GlobalSection(ProjectConfigurationPlatforms) = postSolution
		{C053E618-2E19-4839-A7D8-1A9A987C51A2}.Debug|Any CPU.ActiveCfg = Debug|Any CPU
		{C053E618-2E19-4839-A7D8-1A9A987C51A2}.Debug|Any CPU.Build.0 = Debug|Any CPU
		{C053E618-2E19-4839-A7D8-1A9A987C51A2}.Release|Any CPU.ActiveCfg = Release|Any CPU
		{C053E618-2E19-4839-A7D8-1A9A987C51A2}.Release|Any CPU.Build.0 = Release|Any CPU
		{1DB4BD06-D27E-4861-A8CF-5C22DFB6F758}.Debug|Any CPU.ActiveCfg = Debug|Any CPU
		{1DB4BD06-D27E-4861-A8CF-5C22DFB6F758}.Debug|Any CPU.Build.0 = Debug|Any CPU
		{1DB4BD06-D27E-4861-A8CF-5C22DFB6F758}.Release|Any CPU.ActiveCfg = Release|Any CPU
		{1DB4BD06-D27E-4861-A8CF-5C22DFB6F758}.Release|Any CPU.Build.0 = Release|Any CPU
		{23131453-6381-4865-AEA0-0209F25D0BED}.Debug|Any CPU.ActiveCfg = Debug|Any CPU
		{23131453-6381-4865-AEA0-0209F25D0BED}.Debug|Any CPU.Build.0 = Debug|Any CPU
		{23131453-6381-4865-AEA0-0209F25D0BED}.Release|Any CPU.ActiveCfg = Release|Any CPU
		{23131453-6381-4865-AEA0-0209F25D0BED}.Release|Any CPU.Build.0 = Release|Any CPU
	EndGlobalSection
	GlobalSection(SolutionProperties) = preSolution
		HideSolutionNode = FALSE
	EndGlobalSection
	GlobalSection(ExtensibilityGlobals) = postSolution
		SolutionGuid = {C9245181-E286-4D92-B534-B56258586748}
	EndGlobalSection
EndGlobal
